// !$*UTF8*$!
{
	archiveVersion = 1;
	classes = {
	};
	objectVersion = 46;
	objects = {

/* Begin PBXBuildFile section */
		8E8A13461D26557E00352698 /* main.m in Sources */ = {isa = PBXBuildFile; fileRef = 8E8A13451D26557E00352698 /* main.m */; };
		8E8A13491D26557E00352698 /* AppDelegate.m in Sources */ = {isa = PBXBuildFile; fileRef = 8E8A13481D26557E00352698 /* AppDelegate.m */; };
		8E8A134C1D26557E00352698 /* ViewController.m in Sources */ = {isa = PBXBuildFile; fileRef = 8E8A134B1D26557E00352698 /* ViewController.m */; };
		8E8A134F1D26557E00352698 /* Main.storyboard in Resources */ = {isa = PBXBuildFile; fileRef = 8E8A134D1D26557E00352698 /* Main.storyboard */; };
		8E8A13511D26557E00352698 /* Assets.xcassets in Resources */ = {isa = PBXBuildFile; fileRef = 8E8A13501D26557E00352698 /* Assets.xcassets */; };
		8E8A13541D26557E00352698 /* LaunchScreen.storyboard in Resources */ = {isa = PBXBuildFile; fileRef = 8E8A13521D26557E00352698 /* LaunchScreen.storyboard */; };
		8E8A135F1D26557F00352698 /* SimpleKVOTests.m in Sources */ = {isa = PBXBuildFile; fileRef = 8E8A135E1D26557F00352698 /* SimpleKVOTests.m */; };
		8E8A136C1D2655B800352698 /* NSObject+SimpleKVO.m in Sources */ = {isa = PBXBuildFile; fileRef = 8E8A136B1D2655B800352698 /* NSObject+SimpleKVO.m */; };
		8E8A136F1D2655EA00352698 /* ItemInfo.m in Sources */ = {isa = PBXBuildFile; fileRef = 8E8A136E1D2655EA00352698 /* ItemInfo.m */; };
/* End PBXBuildFile section */

/* Begin PBXContainerItemProxy section */
		8E8A135B1D26557F00352698 /* PBXContainerItemProxy */ = {
			isa = PBXContainerItemProxy;
			containerPortal = 8E8A13391D26557E00352698 /* Project object */;
			proxyType = 1;
			remoteGlobalIDString = 8E8A13401D26557E00352698;
			remoteInfo = SimpleKVO;
		};
/* End PBXContainerItemProxy section */

/* Begin PBXFileReference section */
		8E8A13411D26557E00352698 /* SimpleKVO.app */ = {isa = PBXFileReference; explicitFileType = wrapper.application; includeInIndex = 0; path = SimpleKVO.app; sourceTree = BUILT_PRODUCTS_DIR; };
		8E8A13451D26557E00352698 /* main.m */ = {isa = PBXFileReference; lastKnownFileType = sourcecode.c.objc; path = main.m; sourceTree = "<group>"; };
		8E8A13471D26557E00352698 /* AppDelegate.h */ = {isa = PBXFileReference; lastKnownFileType = sourcecode.c.h; path = AppDelegate.h; sourceTree = "<group>"; };
		8E8A13481D26557E00352698 /* AppDelegate.m */ = {isa = PBXFileReference; lastKnownFileType = sourcecode.c.objc; path = AppDelegate.m; sourceTree = "<group>"; };
		8E8A134A1D26557E00352698 /* ViewController.h */ = {isa = PBXFileReference; lastKnownFileType = sourcecode.c.h; path = ViewController.h; sourceTree = "<group>"; };
		8E8A134B1D26557E00352698 /* ViewController.m */ = {isa = PBXFileReference; lastKnownFileType = sourcecode.c.objc; path = ViewController.m; sourceTree = "<group>"; };
		8E8A134E1D26557E00352698 /* Base */ = {isa = PBXFileReference; lastKnownFileType = file.storyboard; name = Base; path = Base.lproj/Main.storyboard; sourceTree = "<group>"; };
		8E8A13501D26557E00352698 /* Assets.xcassets */ = {isa = PBXFileReference; lastKnownFileType = folder.assetcatalog; path = Assets.xcassets; sourceTree = "<group>"; };
		8E8A13531D26557E00352698 /* Base */ = {isa = PBXFileReference; lastKnownFileType = file.storyboard; name = Base; path = Base.lproj/LaunchScreen.storyboard; sourceTree = "<group>"; };
		8E8A13551D26557E00352698 /* Info.plist */ = {isa = PBXFileReference; lastKnownFileType = text.plist.xml; path = Info.plist; sourceTree = "<group>"; };
		8E8A135A1D26557F00352698 /* SimpleKVOTests.xctest */ = {isa = PBXFileReference; explicitFileType = wrapper.cfbundle; includeInIndex = 0; path = SimpleKVOTests.xctest; sourceTree = BUILT_PRODUCTS_DIR; };
		8E8A135E1D26557F00352698 /* SimpleKVOTests.m */ = {isa = PBXFileReference; lastKnownFileType = sourcecode.c.objc; path = SimpleKVOTests.m; sourceTree = "<group>"; };
		8E8A13601D26557F00352698 /* Info.plist */ = {isa = PBXFileReference; lastKnownFileType = text.plist.xml; path = Info.plist; sourceTree = "<group>"; };
		8E8A136A1D2655B800352698 /* NSObject+SimpleKVO.h */ = {isa = PBXFileReference; fileEncoding = 4; lastKnownFileType = sourcecode.c.h; path = "NSObject+SimpleKVO.h"; sourceTree = "<group>"; };
		8E8A136B1D2655B800352698 /* NSObject+SimpleKVO.m */ = {isa = PBXFileReference; fileEncoding = 4; lastKnownFileType = sourcecode.c.objc; path = "NSObject+SimpleKVO.m"; sourceTree = "<group>"; };
		8E8A136D1D2655EA00352698 /* ItemInfo.h */ = {isa = PBXFileReference; fileEncoding = 4; lastKnownFileType = sourcecode.c.h; path = ItemInfo.h; sourceTree = "<group>"; };
		8E8A136E1D2655EA00352698 /* ItemInfo.m */ = {isa = PBXFileReference; fileEncoding = 4; lastKnownFileType = sourcecode.c.objc; path = ItemInfo.m; sourceTree = "<group>"; };
		8E8A13711D266B7000352698 /* PublicDefines.h */ = {isa = PBXFileReference; fileEncoding = 4; lastKnownFileType = sourcecode.c.h; path = PublicDefines.h; sourceTree = "<group>"; };
/* End PBXFileReference section */

/* Begin PBXFrameworksBuildPhase section */
		8E8A133E1D26557E00352698 /* Frameworks */ = {
			isa = PBXFrameworksBuildPhase;
			buildActionMask = 2147483647;
			files = (
			);
			runOnlyForDeploymentPostprocessing = 0;
		};
		8E8A13571D26557F00352698 /* Frameworks */ = {
			isa = PBXFrameworksBuildPhase;
			buildActionMask = 2147483647;
			files = (
			);
			runOnlyForDeploymentPostprocessing = 0;
		};
/* End PBXFrameworksBuildPhase section */

/* Begin PBXGroup section */
		8E8A13381D26557E00352698 = {
			isa = PBXGroup;
			children = (
				8E8A13431D26557E00352698 /* SimpleKVO */,
				8E8A135D1D26557F00352698 /* SimpleKVOTests */,
				8E8A13421D26557E00352698 /* Products */,
			);
			sourceTree = "<group>";
		};
		8E8A13421D26557E00352698 /* Products */ = {
			isa = PBXGroup;
			children = (
				8E8A13411D26557E00352698 /* SimpleKVO.app */,
				8E8A135A1D26557F00352698 /* SimpleKVOTests.xctest */,
			);
			name = Products;
			sourceTree = "<group>";
		};
		8E8A13431D26557E00352698 /* SimpleKVO */ = {
			isa = PBXGroup;
			children = (
				8E8A13711D266B7000352698 /* PublicDefines.h */,
				8E8A136D1D2655EA00352698 /* ItemInfo.h */,
				8E8A136E1D2655EA00352698 /* ItemInfo.m */,
				8E8A13691D2655B800352698 /* SimpleKVO */,
				8E8A13471D26557E00352698 /* AppDelegate.h */,
				8E8A13481D26557E00352698 /* AppDelegate.m */,
				8E8A134A1D26557E00352698 /* ViewController.h */,
				8E8A134B1D26557E00352698 /* ViewController.m */,
				8E8A134D1D26557E00352698 /* Main.storyboard */,
				8E8A13501D26557E00352698 /* Assets.xcassets */,
				8E8A13521D26557E00352698 /* LaunchScreen.storyboard */,
				8E8A13551D26557E00352698 /* Info.plist */,
				8E8A13441D26557E00352698 /* Supporting Files */,
			);
			path = SimpleKVO;
			sourceTree = "<group>";
		};
		8E8A13441D26557E00352698 /* Supporting Files */ = {
			isa = PBXGroup;
			children = (
				8E8A13451D26557E00352698 /* main.m */,
			);
			name = "Supporting Files";
			sourceTree = "<group>";
		};
		8E8A135D1D26557F00352698 /* SimpleKVOTests */ = {
			isa = PBXGroup;
			children = (
				8E8A135E1D26557F00352698 /* SimpleKVOTests.m */,
				8E8A13601D26557F00352698 /* Info.plist */,
			);
			path = SimpleKVOTests;
			sourceTree = "<group>";
		};
		8E8A13691D2655B800352698 /* SimpleKVO */ = {
			isa = PBXGroup;
			children = (
				8E8A136A1D2655B800352698 /* NSObject+SimpleKVO.h */,
				8E8A136B1D2655B800352698 /* NSObject+SimpleKVO.m */,
			);
			path = SimpleKVO;
			sourceTree = "<group>";
		};
/* End PBXGroup section */

/* Begin PBXNativeTarget section */
		8E8A13401D26557E00352698 /* SimpleKVO */ = {
			isa = PBXNativeTarget;
			buildConfigurationList = 8E8A13631D26557F00352698 /* Build configuration list for PBXNativeTarget "SimpleKVO" */;
			buildPhases = (
				8E8A133D1D26557E00352698 /* Sources */,
				8E8A133E1D26557E00352698 /* Frameworks */,
				8E8A133F1D26557E00352698 /* Resources */,
			);
			buildRules = (
			);
			dependencies = (
			);
			name = SimpleKVO;
			productName = SimpleKVO;
			productReference = 8E8A13411D26557E00352698 /* SimpleKVO.app */;
			productType = "com.apple.product-type.application";
		};
		8E8A13591D26557F00352698 /* SimpleKVOTests */ = {
			isa = PBXNativeTarget;
			buildConfigurationList = 8E8A13661D26557F00352698 /* Build configuration list for PBXNativeTarget "SimpleKVOTests" */;
			buildPhases = (
				8E8A13561D26557F00352698 /* Sources */,
				8E8A13571D26557F00352698 /* Frameworks */,
				8E8A13581D26557F00352698 /* Resources */,
			);
			buildRules = (
			);
			dependencies = (
				8E8A135C1D26557F00352698 /* PBXTargetDependency */,
			);
			name = SimpleKVOTests;
			productName = SimpleKVOTests;
			productReference = 8E8A135A1D26557F00352698 /* SimpleKVOTests.xctest */;
			productType = "com.apple.product-type.bundle.unit-test";
		};
/* End PBXNativeTarget section */

/* Begin PBXProject section */
		8E8A13391D26557E00352698 /* Project object */ = {
			isa = PBXProject;
			attributes = {
				LastUpgradeCheck = 0730;
				ORGANIZATIONNAME = achen;
				TargetAttributes = {
					8E8A13401D26557E00352698 = {
						CreatedOnToolsVersion = 7.3;
						DevelopmentTeam = 9R7CKNK3WC;
					};
					8E8A13591D26557F00352698 = {
						CreatedOnToolsVersion = 7.3;
						DevelopmentTeam = 9R7CKNK3WC;
						TestTargetID = 8E8A13401D26557E00352698;
					};
				};
			};
			buildConfigurationList = 8E8A133C1D26557E00352698 /* Build configuration list for PBXProject "SimpleKVO" */;
			compatibilityVersion = "Xcode 3.2";
			developmentRegion = English;
			hasScannedForEncodings = 0;
			knownRegions = (
				en,
				Base,
			);
			mainGroup = 8E8A13381D26557E00352698;
			productRefGroup = 8E8A13421D26557E00352698 /* Products */;
			projectDirPath = "";
			projectRoot = "";
			targets = (
				8E8A13401D26557E00352698 /* SimpleKVO */,
				8E8A13591D26557F00352698 /* SimpleKVOTests */,
			);
		};
/* End PBXProject section */

/* Begin PBXResourcesBuildPhase section */
		8E8A133F1D26557E00352698 /* Resources */ = {
			isa = PBXResourcesBuildPhase;
			buildActionMask = 2147483647;
			files = (
				8E8A13541D26557E00352698 /* LaunchScreen.storyboard in Resources */,
				8E8A13511D26557E00352698 /* Assets.xcassets in Resources */,
				8E8A134F1D26557E00352698 /* Main.storyboard in Resources */,
			);
			runOnlyForDeploymentPostprocessing = 0;
		};
		8E8A13581D26557F00352698 /* Resources */ = {
			isa = PBXResourcesBuildPhase;
			buildActionMask = 2147483647;
			files = (
			);
			runOnlyForDeploymentPostprocessing = 0;
		};
/* End PBXResourcesBuildPhase section */

/* Begin PBXSourcesBuildPhase section */
		8E8A133D1D26557E00352698 /* Sources */ = {
			isa = PBXSourcesBuildPhase;
			buildActionMask = 2147483647;
			files = (
				8E8A136F1D2655EA00352698 /* ItemInfo.m in Sources */,
				8E8A136C1D2655B800352698 /* NSObject+SimpleKVO.m in Sources */,
				8E8A134C1D26557E00352698 /* ViewController.m in Sources */,
				8E8A13491D26557E00352698 /* AppDelegate.m in Sources */,
				8E8A13461D26557E00352698 /* main.m in Sources */,
			);
			runOnlyForDeploymentPostprocessing = 0;
		};
		8E8A13561D26557F00352698 /* Sources */ = {
			isa = PBXSourcesBuildPhase;
			buildActionMask = 2147483647;
			files = (
				8E8A135F1D26557F00352698 /* SimpleKVOTests.m in Sources */,
			);
			runOnlyForDeploymentPostprocessing = 0;
		};
/* End PBXSourcesBuildPhase section */

/* Begin PBXTargetDependency section */
		8E8A135C1D26557F00352698 /* PBXTargetDependency */ = {
			isa = PBXTargetDependency;
			target = 8E8A13401D26557E00352698 /* SimpleKVO */;
			targetProxy = 8E8A135B1D26557F00352698 /* PBXContainerItemProxy */;
		};
/* End PBXTargetDependency section */

/* Begin PBXVariantGroup section */
		8E8A134D1D26557E00352698 /* Main.storyboard */ = {
			isa = PBXVariantGroup;
			children = (
				8E8A134E1D26557E00352698 /* Base */,
			);
			name = Main.storyboard;
			sourceTree = "<group>";
		};
		8E8A13521D26557E00352698 /* LaunchScreen.storyboard */ = {
			isa = PBXVariantGroup;
			children = (
				8E8A13531D26557E00352698 /* Base */,
			);
			name = LaunchScreen.storyboard;
			sourceTree = "<group>";
		};
/* End PBXVariantGroup section */

/* Begin XCBuildConfiguration section */
		8E8A13611D26557F00352698 /* Debug */ = {
			isa = XCBuildConfiguration;
			buildSettings = {
				ALWAYS_SEARCH_USER_PATHS = NO;
				CLANG_ANALYZER_NONNULL = YES;
				CLANG_CXX_LANGUAGE_STANDARD = "gnu++0x";
				CLANG_CXX_LIBRARY = "libc++";
				CLANG_ENABLE_MODULES = YES;
				CLANG_ENABLE_OBJC_ARC = YES;
				CLANG_WARN_BOOL_CONVERSION = YES;
				CLANG_WARN_CONSTANT_CONVERSION = YES;
				CLANG_WARN_DIRECT_OBJC_ISA_USAGE = YES_ERROR;
				CLANG_WARN_EMPTY_BODY = YES;
				CLANG_WARN_ENUM_CONVERSION = YES;
				CLANG_WARN_INT_CONVERSION = YES;
				CLANG_WARN_OBJC_ROOT_CLASS = YES_ERROR;
				CLANG_WARN_UNREACHABLE_CODE = YES;
				CLANG_WARN__DUPLICATE_METHOD_MATCH = YES;
				"CODE_SIGN_IDENTITY[sdk=iphoneos*]" = "iPhone Developer";
				COPY_PHASE_STRIP = NO;
				DEBUG_INFORMATION_FORMAT = dwarf;
				ENABLE_STRICT_OBJC_MSGSEND = YES;
				ENABLE_TESTABILITY = YES;
				GCC_C_LANGUAGE_STANDARD = gnu99;
				GCC_DYNAMIC_NO_PIC = NO;
				GCC_NO_COMMON_BLOCKS = YES;
				GCC_OPTIMIZATION_LEVEL = 0;
				GCC_PREPROCESSOR_DEFINITIONS = (
					"DEBUG=1",
					"$(inherited)",
				);
				GCC_WARN_64_TO_32_BIT_CONVERSION = YES;
				GCC_WARN_ABOUT_RETURN_TYPE = YES_ERROR;
				GCC_WARN_UNDECLARED_SELECTOR = YES;
				GCC_WARN_UNINITIALIZED_AUTOS = YES_AGGRESSIVE;
				GCC_WARN_UNUSED_FUNCTION = YES;
				GCC_WARN_UNUSED_VARIABLE = YES;
				IPHONEOS_DEPLOYMENT_TARGET = 9.3;
				MTL_ENABLE_DEBUG_INFO = YES;
				ONLY_ACTIVE_ARCH = YES;
				SDKROOT = iphoneos;
			};
			name = Debug;
		};
		8E8A13621D26557F00352698 /* Release */ = {
			isa = XCBuildConfiguration;
			buildSettings = {
				ALWAYS_SEARCH_USER_PATHS = NO;
				CLANG_ANALYZER_NONNULL = YES;
				CLANG_CXX_LANGUAGE_STANDARD = "gnu++0x";
				CLANG_CXX_LIBRARY = "libc++";
				CLANG_ENABLE_MODULES = YES;
				CLANG_ENABLE_OBJC_ARC = YES;
				CLANG_WARN_BOOL_CONVERSION = YES;
				CLANG_WARN_CONSTANT_CONVERSION = YES;
				CLANG_WARN_DIRECT_OBJC_ISA_USAGE = YES_ERROR;
				CLANG_WARN_EMPTY_BODY = YES;
				CLANG_WARN_ENUM_CONVERSION = YES;
				CLANG_WARN_INT_CONVERSION = YES;
				CLANG_WARN_OBJC_ROOT_CLASS = YES_ERROR;
				CLANG_WARN_UNREACHABLE_CODE = YES;
				CLANG_WARN__DUPLICATE_METHOD_MATCH = YES;
				"CODE_SIGN_IDENTITY[sdk=iphoneos*]" = "iPhone Developer";
				COPY_PHASE_STRIP = NO;
				DEBUG_INFORMATION_FORMAT = "dwarf-with-dsym";
				ENABLE_NS_ASSERTIONS = NO;
				ENABLE_STRICT_OBJC_MSGSEND = YES;
				GCC_C_LANGUAGE_STANDARD = gnu99;
				GCC_NO_COMMON_BLOCKS = YES;
				GCC_WARN_64_TO_32_BIT_CONVERSION = YES;
				GCC_WARN_ABOUT_RETURN_TYPE = YES_ERROR;
				GCC_WARN_UNDECLARED_SELECTOR = YES;
				GCC_WARN_UNINITIALIZED_AUTOS = YES_AGGRESSIVE;
				GCC_WARN_UNUSED_FUNCTION = YES;
				GCC_WARN_UNUSED_VARIABLE = YES;
				IPHONEOS_DEPLOYMENT_TARGET = 9.3;
				MTL_ENABLE_DEBUG_INFO = NO;
				SDKROOT = iphoneos;
				VALIDATE_PRODUCT = YES;
			};
			name = Release;
		};
		8E8A13641D26557F00352698 /* Debug */ = {
			isa = XCBuildConfiguration;
			buildSettings = {
				ASSETCATALOG_COMPILER_APPICON_NAME = AppIcon;
				DEVELOPMENT_TEAM = 9R7CKNK3WC;
				INFOPLIST_FILE = SimpleKVO/Info.plist;
				LD_RUNPATH_SEARCH_PATHS = "$(inherited) @executable_path/Frameworks";
				PRODUCT_BUNDLE_IDENTIFIER = test.SimpleKVO;
				PRODUCT_NAME = "$(TARGET_NAME)";
			};
			name = Debug;
		};
		8E8A13651D26557F00352698 /* Release */ = {
			isa = XCBuildConfiguration;
			buildSettings = {
				ASSETCATALOG_COMPILER_APPICON_NAME = AppIcon;
				DEVELOPMENT_TEAM = 9R7CKNK3WC;
				INFOPLIST_FILE = SimpleKVO/Info.plist;
				LD_RUNPATH_SEARCH_PATHS = "$(inherited) @executable_path/Frameworks";
				PRODUCT_BUNDLE_IDENTIFIER = test.SimpleKVO;
				PRODUCT_NAME = "$(TARGET_NAME)";
			};
			name = Release;
		};
		8E8A13671D26557F00352698 /* Debug */ = {
			isa = XCBuildConfiguration;
			buildSettings = {
				BUNDLE_LOADER = "$(TEST_HOST)";
				DEVELOPMENT_TEAM = 9R7CKNK3WC;
				INFOPLIST_FILE = SimpleKVOTests/Info.plist;
				LD_RUNPATH_SEARCH_PATHS = "$(inherited) @executable_path/Frameworks @loader_path/Frameworks";
				PRODUCT_BUNDLE_IDENTIFIER = test.SimpleKVOTests;
				PRODUCT_NAME = "$(TARGET_NAME)";
				TEST_HOST = "$(BUILT_PRODUCTS_DIR)/SimpleKVO.app/SimpleKVO";
			};
			name = Debug;
		};
		8E8A13681D26557F00352698 /* Release */ = {
			isa = XCBuildConfiguration;
			buildSettings = {
				BUNDLE_LOADER = "$(TEST_HOST)";
				DEVELOPMENT_TEAM = 9R7CKNK3WC;
				INFOPLIST_FILE = SimpleKVOTests/Info.plist;
				LD_RUNPATH_SEARCH_PATHS = "$(inherited) @executable_path/Frameworks @loader_path/Frameworks";
				PRODUCT_BUNDLE_IDENTIFIER = test.SimpleKVOTests;
				PRODUCT_NAME = "$(TARGET_NAME)";
				TEST_HOST = "$(BUILT_PRODUCTS_DIR)/SimpleKVO.app/SimpleKVO";
			};
			name = Release;
		};
/* End XCBuildConfiguration section */

/* Begin XCConfigurationList section */
		8E8A133C1D26557E00352698 /* Build configuration list for PBXProject "SimpleKVO" */ = {
			isa = XCConfigurationList;
			buildConfigurations = (
				8E8A13611D26557F00352698 /* Debug */,
				8E8A13621D26557F00352698 /* Release */,
			);
			defaultConfigurationIsVisible = 0;
			defaultConfigurationName = Release;
		};
		8E8A13631D26557F00352698 /* Build configuration list for PBXNativeTarget "SimpleKVO" */ = {
			isa = XCConfigurationList;
			buildConfigurations = (
				8E8A13641D26557F00352698 /* Debug */,
				8E8A13651D26557F00352698 /* Release */,
			);
			defaultConfigurationIsVisible = 0;
			defaultConfigurationName = Release;
		};
		8E8A13661D26557F00352698 /* Build configuration list for PBXNativeTarget "SimpleKVOTests" */ = {
			isa = XCConfigurationList;
			buildConfigurations = (
				8E8A13671D26557F00352698 /* Debug */,
				8E8A13681D26557F00352698 /* Release */,
			);
			defaultConfigurationIsVisible = 0;
			defaultConfigurationName = Release;
		};
/* End XCConfigurationList section */
	};
	rootObject = 8E8A13391D26557E00352698 /* Project object */;
}
